// !$*UTF8*$!
{
	archiveVersion = 1;
	classes = {
	};
	objectVersion = 55;
	objects = {

/* Begin PBXBuildFile section */
		030B9FCB88897D2A3ED17A15 /* Pods_ParstagramTests.framework in Frameworks */ = {isa = PBXBuildFile; fileRef = 27DD5208D03CE913AD327455 /* Pods_ParstagramTests.framework */; };
		16E202AC19D9C997A1B77BFC /* Pods_Parstagram_ParstagramUITests.framework in Frameworks */ = {isa = PBXBuildFile; fileRef = 1E1D22BB56E918186FA6F4C8 /* Pods_Parstagram_ParstagramUITests.framework */; };
		65FF233A27EE95C80095962D /* AppDelegate.swift in Sources */ = {isa = PBXBuildFile; fileRef = 65FF233927EE95C80095962D /* AppDelegate.swift */; };
		65FF233C27EE95C80095962D /* SceneDelegate.swift in Sources */ = {isa = PBXBuildFile; fileRef = 65FF233B27EE95C80095962D /* SceneDelegate.swift */; };
		65FF234127EE95C80095962D /* Main.storyboard in Resources */ = {isa = PBXBuildFile; fileRef = 65FF233F27EE95C80095962D /* Main.storyboard */; };
		65FF234327EE95C90095962D /* Assets.xcassets in Resources */ = {isa = PBXBuildFile; fileRef = 65FF234227EE95C90095962D /* Assets.xcassets */; };
		65FF234627EE95C90095962D /* LaunchScreen.storyboard in Resources */ = {isa = PBXBuildFile; fileRef = 65FF234427EE95C90095962D /* LaunchScreen.storyboard */; };
		65FF235127EE95CA0095962D /* ParstagramTests.swift in Sources */ = {isa = PBXBuildFile; fileRef = 65FF235027EE95CA0095962D /* ParstagramTests.swift */; };
		65FF235B27EE95CA0095962D /* ParstagramUITests.swift in Sources */ = {isa = PBXBuildFile; fileRef = 65FF235A27EE95CA0095962D /* ParstagramUITests.swift */; };
		65FF235D27EE95CA0095962D /* ParstagramUITestsLaunchTests.swift in Sources */ = {isa = PBXBuildFile; fileRef = 65FF235C27EE95CA0095962D /* ParstagramUITestsLaunchTests.swift */; };
		65FF237027EE9D140095962D /* APIKeys.swift in Sources */ = {isa = PBXBuildFile; fileRef = 65FF236F27EE9D140095962D /* APIKeys.swift */; };
		65FF237227EE9F540095962D /* LoginViewController.swift in Sources */ = {isa = PBXBuildFile; fileRef = 65FF237127EE9F540095962D /* LoginViewController.swift */; };
		65FF237427EE9F5E0095962D /* FeedViewController.swift in Sources */ = {isa = PBXBuildFile; fileRef = 65FF237327EE9F5E0095962D /* FeedViewController.swift */; };
		65FF237627EEA7820095962D /* CameraViewController.swift in Sources */ = {isa = PBXBuildFile; fileRef = 65FF237527EEA7820095962D /* CameraViewController.swift */; };
		65FF237927EEBC500095962D /* PostCell.swift in Sources */ = {isa = PBXBuildFile; fileRef = 65FF237827EEBC500095962D /* PostCell.swift */; };
		BC14C04FBDD8DFFD46169233 /* Pods_Parstagram.framework in Frameworks */ = {isa = PBXBuildFile; fileRef = DA0A8EF68B190CAB12CDB37A /* Pods_Parstagram.framework */; };
/* End PBXBuildFile section */

/* Begin PBXContainerItemProxy section */
		65FF234D27EE95CA0095962D /* PBXContainerItemProxy */ = {
			isa = PBXContainerItemProxy;
			containerPortal = 65FF232E27EE95C80095962D /* Project object */;
			proxyType = 1;
			remoteGlobalIDString = 65FF233527EE95C80095962D;
			remoteInfo = Parstagram;
		};
		65FF235727EE95CA0095962D /* PBXContainerItemProxy */ = {
			isa = PBXContainerItemProxy;
			containerPortal = 65FF232E27EE95C80095962D /* Project object */;
			proxyType = 1;
			remoteGlobalIDString = 65FF233527EE95C80095962D;
			remoteInfo = Parstagram;
		};
/* End PBXContainerItemProxy section */

/* Begin PBXFileReference section */
		0E7F2BB7F29121903D3BAD4C /* Pods-Parstagram.debug.xcconfig */ = {isa = PBXFileReference; includeInIndex = 1; lastKnownFileType = text.xcconfig; name = "Pods-Parstagram.debug.xcconfig"; path = "Target Support Files/Pods-Parstagram/Pods-Parstagram.debug.xcconfig"; sourceTree = "<group>"; };
		118755D19B407E229BB0E3FE /* Pods-ParstagramTests.release.xcconfig */ = {isa = PBXFileReference; includeInIndex = 1; lastKnownFileType = text.xcconfig; name = "Pods-ParstagramTests.release.xcconfig"; path = "Target Support Files/Pods-ParstagramTests/Pods-ParstagramTests.release.xcconfig"; sourceTree = "<group>"; };
		1E1D22BB56E918186FA6F4C8 /* Pods_Parstagram_ParstagramUITests.framework */ = {isa = PBXFileReference; explicitFileType = wrapper.framework; includeInIndex = 0; path = Pods_Parstagram_ParstagramUITests.framework; sourceTree = BUILT_PRODUCTS_DIR; };
		27DD5208D03CE913AD327455 /* Pods_ParstagramTests.framework */ = {isa = PBXFileReference; explicitFileType = wrapper.framework; includeInIndex = 0; path = Pods_ParstagramTests.framework; sourceTree = BUILT_PRODUCTS_DIR; };
		65FF233627EE95C80095962D /* Parstagram.app */ = {isa = PBXFileReference; explicitFileType = wrapper.application; includeInIndex = 0; path = Parstagram.app; sourceTree = BUILT_PRODUCTS_DIR; };
		65FF233927EE95C80095962D /* AppDelegate.swift */ = {isa = PBXFileReference; lastKnownFileType = sourcecode.swift; path = AppDelegate.swift; sourceTree = "<group>"; };
		65FF233B27EE95C80095962D /* SceneDelegate.swift */ = {isa = PBXFileReference; lastKnownFileType = sourcecode.swift; path = SceneDelegate.swift; sourceTree = "<group>"; };
		65FF234027EE95C80095962D /* Base */ = {isa = PBXFileReference; lastKnownFileType = file.storyboard; name = Base; path = Base.lproj/Main.storyboard; sourceTree = "<group>"; };
		65FF234227EE95C90095962D /* Assets.xcassets */ = {isa = PBXFileReference; lastKnownFileType = folder.assetcatalog; path = Assets.xcassets; sourceTree = "<group>"; };
		65FF234527EE95C90095962D /* Base */ = {isa = PBXFileReference; lastKnownFileType = file.storyboard; name = Base; path = Base.lproj/LaunchScreen.storyboard; sourceTree = "<group>"; };
		65FF234727EE95C90095962D /* Info.plist */ = {isa = PBXFileReference; lastKnownFileType = text.plist.xml; path = Info.plist; sourceTree = "<group>"; };
		65FF234C27EE95CA0095962D /* ParstagramTests.xctest */ = {isa = PBXFileReference; explicitFileType = wrapper.cfbundle; includeInIndex = 0; path = ParstagramTests.xctest; sourceTree = BUILT_PRODUCTS_DIR; };
		65FF235027EE95CA0095962D /* ParstagramTests.swift */ = {isa = PBXFileReference; lastKnownFileType = sourcecode.swift; path = ParstagramTests.swift; sourceTree = "<group>"; };
		65FF235627EE95CA0095962D /* ParstagramUITests.xctest */ = {isa = PBXFileReference; explicitFileType = wrapper.cfbundle; includeInIndex = 0; path = ParstagramUITests.xctest; sourceTree = BUILT_PRODUCTS_DIR; };
		65FF235A27EE95CA0095962D /* ParstagramUITests.swift */ = {isa = PBXFileReference; lastKnownFileType = sourcecode.swift; path = ParstagramUITests.swift; sourceTree = "<group>"; };
		65FF235C27EE95CA0095962D /* ParstagramUITestsLaunchTests.swift */ = {isa = PBXFileReference; lastKnownFileType = sourcecode.swift; path = ParstagramUITestsLaunchTests.swift; sourceTree = "<group>"; };
		65FF236F27EE9D140095962D /* APIKeys.swift */ = {isa = PBXFileReference; lastKnownFileType = sourcecode.swift; path = APIKeys.swift; sourceTree = "<group>"; };
		65FF237127EE9F540095962D /* LoginViewController.swift */ = {isa = PBXFileReference; lastKnownFileType = sourcecode.swift; path = LoginViewController.swift; sourceTree = "<group>"; };
		65FF237327EE9F5E0095962D /* FeedViewController.swift */ = {isa = PBXFileReference; lastKnownFileType = sourcecode.swift; path = FeedViewController.swift; sourceTree = "<group>"; };
		65FF237527EEA7820095962D /* CameraViewController.swift */ = {isa = PBXFileReference; lastKnownFileType = sourcecode.swift; path = CameraViewController.swift; sourceTree = "<group>"; };
		65FF237827EEBC500095962D /* PostCell.swift */ = {isa = PBXFileReference; lastKnownFileType = sourcecode.swift; path = PostCell.swift; sourceTree = "<group>"; };
		83A4F66A6E1F4EF1CDEE0807 /* Pods-Parstagram.release.xcconfig */ = {isa = PBXFileReference; includeInIndex = 1; lastKnownFileType = text.xcconfig; name = "Pods-Parstagram.release.xcconfig"; path = "Target Support Files/Pods-Parstagram/Pods-Parstagram.release.xcconfig"; sourceTree = "<group>"; };
		864236095E29F4F3711F144B /* Pods-ParstagramTests.debug.xcconfig */ = {isa = PBXFileReference; includeInIndex = 1; lastKnownFileType = text.xcconfig; name = "Pods-ParstagramTests.debug.xcconfig"; path = "Target Support Files/Pods-ParstagramTests/Pods-ParstagramTests.debug.xcconfig"; sourceTree = "<group>"; };
		8AA585D9EBD9E3462F9CAAE9 /* Pods-Parstagram-ParstagramUITests.release.xcconfig */ = {isa = PBXFileReference; includeInIndex = 1; lastKnownFileType = text.xcconfig; name = "Pods-Parstagram-ParstagramUITests.release.xcconfig"; path = "Target Support Files/Pods-Parstagram-ParstagramUITests/Pods-Parstagram-ParstagramUITests.release.xcconfig"; sourceTree = "<group>"; };
		AEFD3E64046FD5DA63790D0D /* Pods-Parstagram-ParstagramUITests.debug.xcconfig */ = {isa = PBXFileReference; includeInIndex = 1; lastKnownFileType = text.xcconfig; name = "Pods-Parstagram-ParstagramUITests.debug.xcconfig"; path = "Target Support Files/Pods-Parstagram-ParstagramUITests/Pods-Parstagram-ParstagramUITests.debug.xcconfig"; sourceTree = "<group>"; };
		DA0A8EF68B190CAB12CDB37A /* Pods_Parstagram.framework */ = {isa = PBXFileReference; explicitFileType = wrapper.framework; includeInIndex = 0; path = Pods_Parstagram.framework; sourceTree = BUILT_PRODUCTS_DIR; };
/* End PBXFileReference section */

/* Begin PBXFrameworksBuildPhase section */
		65FF233327EE95C80095962D /* Frameworks */ = {
			isa = PBXFrameworksBuildPhase;
			buildActionMask = 2147483647;
			files = (
				BC14C04FBDD8DFFD46169233 /* Pods_Parstagram.framework in Frameworks */,
			);
			runOnlyForDeploymentPostprocessing = 0;
		};
		65FF234927EE95CA0095962D /* Frameworks */ = {
			isa = PBXFrameworksBuildPhase;
			buildActionMask = 2147483647;
			files = (
				030B9FCB88897D2A3ED17A15 /* Pods_ParstagramTests.framework in Frameworks */,
			);
			runOnlyForDeploymentPostprocessing = 0;
		};
		65FF235327EE95CA0095962D /* Frameworks */ = {
			isa = PBXFrameworksBuildPhase;
			buildActionMask = 2147483647;
			files = (
				16E202AC19D9C997A1B77BFC /* Pods_Parstagram_ParstagramUITests.framework in Frameworks */,
			);
			runOnlyForDeploymentPostprocessing = 0;
		};
/* End PBXFrameworksBuildPhase section */

/* Begin PBXGroup section */
		65FF232D27EE95C80095962D = {
			isa = PBXGroup;
			children = (
				65FF233827EE95C80095962D /* Parstagram */,
				65FF234F27EE95CA0095962D /* ParstagramTests */,
				65FF235927EE95CA0095962D /* ParstagramUITests */,
				65FF233727EE95C80095962D /* Products */,
				A8C64A840B4F567C395ECD98 /* Pods */,
				B4240ACA5A58912D08B2097A /* Frameworks */,
			);
			sourceTree = "<group>";
		};
		65FF233727EE95C80095962D /* Products */ = {
			isa = PBXGroup;
			children = (
				65FF233627EE95C80095962D /* Parstagram.app */,
				65FF234C27EE95CA0095962D /* ParstagramTests.xctest */,
				65FF235627EE95CA0095962D /* ParstagramUITests.xctest */,
			);
			name = Products;
			sourceTree = "<group>";
		};
		65FF233827EE95C80095962D /* Parstagram */ = {
			isa = PBXGroup;
			children = (
				65FF237727EEBC2B0095962D /* Cells */,
				65FF236E27EE9D030095962D /* Network */,
				65FF236A27EE95EF0095962D /* Storyboards */,
				65FF236927EE95DF0095962D /* ViewControllers */,
				65FF233927EE95C80095962D /* AppDelegate.swift */,
				65FF233B27EE95C80095962D /* SceneDelegate.swift */,
				65FF234227EE95C90095962D /* Assets.xcassets */,
				65FF234727EE95C90095962D /* Info.plist */,
			);
			path = Parstagram;
			sourceTree = "<group>";
		};
		65FF234F27EE95CA0095962D /* ParstagramTests */ = {
			isa = PBXGroup;
			children = (
				65FF235027EE95CA0095962D /* ParstagramTests.swift */,
			);
			path = ParstagramTests;
			sourceTree = "<group>";
		};
		65FF235927EE95CA0095962D /* ParstagramUITests */ = {
			isa = PBXGroup;
			children = (
				65FF235A27EE95CA0095962D /* ParstagramUITests.swift */,
				65FF235C27EE95CA0095962D /* ParstagramUITestsLaunchTests.swift */,
			);
			path = ParstagramUITests;
			sourceTree = "<group>";
		};
		65FF236927EE95DF0095962D /* ViewControllers */ = {
			isa = PBXGroup;
			children = (
				65FF237127EE9F540095962D /* LoginViewController.swift */,
				65FF237327EE9F5E0095962D /* FeedViewController.swift */,
				65FF237527EEA7820095962D /* CameraViewController.swift */,
			);
			path = ViewControllers;
			sourceTree = "<group>";
		};
		65FF236A27EE95EF0095962D /* Storyboards */ = {
			isa = PBXGroup;
			children = (
				65FF234427EE95C90095962D /* LaunchScreen.storyboard */,
				65FF233F27EE95C80095962D /* Main.storyboard */,
			);
			path = Storyboards;
			sourceTree = "<group>";
		};
		65FF236E27EE9D030095962D /* Network */ = {
			isa = PBXGroup;
			children = (
				65FF236F27EE9D140095962D /* APIKeys.swift */,
			);
			path = Network;
			sourceTree = "<group>";
		};
		65FF237727EEBC2B0095962D /* Cells */ = {
			isa = PBXGroup;
			children = (
				65FF237827EEBC500095962D /* PostCell.swift */,
			);
			path = Cells;
			sourceTree = "<group>";
		};
		A8C64A840B4F567C395ECD98 /* Pods */ = {
			isa = PBXGroup;
			children = (
				0E7F2BB7F29121903D3BAD4C /* Pods-Parstagram.debug.xcconfig */,
				83A4F66A6E1F4EF1CDEE0807 /* Pods-Parstagram.release.xcconfig */,
				AEFD3E64046FD5DA63790D0D /* Pods-Parstagram-ParstagramUITests.debug.xcconfig */,
				8AA585D9EBD9E3462F9CAAE9 /* Pods-Parstagram-ParstagramUITests.release.xcconfig */,
				864236095E29F4F3711F144B /* Pods-ParstagramTests.debug.xcconfig */,
				118755D19B407E229BB0E3FE /* Pods-ParstagramTests.release.xcconfig */,
			);
			path = Pods;
			sourceTree = "<group>";
		};
		B4240ACA5A58912D08B2097A /* Frameworks */ = {
			isa = PBXGroup;
			children = (
				DA0A8EF68B190CAB12CDB37A /* Pods_Parstagram.framework */,
				1E1D22BB56E918186FA6F4C8 /* Pods_Parstagram_ParstagramUITests.framework */,
				27DD5208D03CE913AD327455 /* Pods_ParstagramTests.framework */,
			);
			name = Frameworks;
			sourceTree = "<group>";
		};
/* End PBXGroup section */

/* Begin PBXNativeTarget section */
		65FF233527EE95C80095962D /* Parstagram */ = {
			isa = PBXNativeTarget;
			buildConfigurationList = 65FF236027EE95CA0095962D /* Build configuration list for PBXNativeTarget "Parstagram" */;
			buildPhases = (
				C54F21FF2197C45F8BE4062C /* [CP] Check Pods Manifest.lock */,
				65FF233227EE95C80095962D /* Sources */,
				65FF233327EE95C80095962D /* Frameworks */,
				65FF233427EE95C80095962D /* Resources */,
				B7E361D3400032F9ED62288B /* [CP] Embed Pods Frameworks */,
			);
			buildRules = (
			);
			dependencies = (
			);
			name = Parstagram;
			productName = Parstagram;
			productReference = 65FF233627EE95C80095962D /* Parstagram.app */;
			productType = "com.apple.product-type.application";
		};
		65FF234B27EE95CA0095962D /* ParstagramTests */ = {
			isa = PBXNativeTarget;
			buildConfigurationList = 65FF236327EE95CA0095962D /* Build configuration list for PBXNativeTarget "ParstagramTests" */;
			buildPhases = (
				0785B39865F1A19248E50EA9 /* [CP] Check Pods Manifest.lock */,
				65FF234827EE95CA0095962D /* Sources */,
				65FF234927EE95CA0095962D /* Frameworks */,
				65FF234A27EE95CA0095962D /* Resources */,
			);
			buildRules = (
			);
			dependencies = (
				65FF234E27EE95CA0095962D /* PBXTargetDependency */,
			);
			name = ParstagramTests;
			productName = ParstagramTests;
			productReference = 65FF234C27EE95CA0095962D /* ParstagramTests.xctest */;
			productType = "com.apple.product-type.bundle.unit-test";
		};
		65FF235527EE95CA0095962D /* ParstagramUITests */ = {
			isa = PBXNativeTarget;
			buildConfigurationList = 65FF236627EE95CA0095962D /* Build configuration list for PBXNativeTarget "ParstagramUITests" */;
			buildPhases = (
				1C3A6B45783F8484AE96F13E /* [CP] Check Pods Manifest.lock */,
				65FF235227EE95CA0095962D /* Sources */,
				65FF235327EE95CA0095962D /* Frameworks */,
				65FF235427EE95CA0095962D /* Resources */,
				23061A698A5A93D350CDBDA5 /* [CP] Embed Pods Frameworks */,
			);
			buildRules = (
			);
			dependencies = (
				65FF235827EE95CA0095962D /* PBXTargetDependency */,
			);
			name = ParstagramUITests;
			productName = ParstagramUITests;
			productReference = 65FF235627EE95CA0095962D /* ParstagramUITests.xctest */;
			productType = "com.apple.product-type.bundle.ui-testing";
		};
/* End PBXNativeTarget section */

/* Begin PBXProject section */
		65FF232E27EE95C80095962D /* Project object */ = {
			isa = PBXProject;
			attributes = {
				BuildIndependentTargetsInParallel = 1;
				LastSwiftUpdateCheck = 1320;
				LastUpgradeCheck = 1320;
				TargetAttributes = {
					65FF233527EE95C80095962D = {
						CreatedOnToolsVersion = 13.2.1;
					};
					65FF234B27EE95CA0095962D = {
						CreatedOnToolsVersion = 13.2.1;
						TestTargetID = 65FF233527EE95C80095962D;
					};
					65FF235527EE95CA0095962D = {
						CreatedOnToolsVersion = 13.2.1;
						TestTargetID = 65FF233527EE95C80095962D;
					};
				};
			};
			buildConfigurationList = 65FF233127EE95C80095962D /* Build configuration list for PBXProject "Parstagram" */;
			compatibilityVersion = "Xcode 13.0";
			developmentRegion = en;
			hasScannedForEncodings = 0;
			knownRegions = (
				en,
				Base,
			);
			mainGroup = 65FF232D27EE95C80095962D;
			productRefGroup = 65FF233727EE95C80095962D /* Products */;
			projectDirPath = "";
			projectRoot = "";
			targets = (
				65FF233527EE95C80095962D /* Parstagram */,
				65FF234B27EE95CA0095962D /* ParstagramTests */,
				65FF235527EE95CA0095962D /* ParstagramUITests */,
			);
		};
/* End PBXProject section */

/* Begin PBXResourcesBuildPhase section */
		65FF233427EE95C80095962D /* Resources */ = {
			isa = PBXResourcesBuildPhase;
			buildActionMask = 2147483647;
			files = (
				65FF234627EE95C90095962D /* LaunchScreen.storyboard in Resources */,
				65FF234327EE95C90095962D /* Assets.xcassets in Resources */,
				65FF234127EE95C80095962D /* Main.storyboard in Resources */,
			);
			runOnlyForDeploymentPostprocessing = 0;
		};
		65FF234A27EE95CA0095962D /* Resources */ = {
			isa = PBXResourcesBuildPhase;
			buildActionMask = 2147483647;
			files = (
			);
			runOnlyForDeploymentPostprocessing = 0;
		};
		65FF235427EE95CA0095962D /* Resources */ = {
			isa = PBXResourcesBuildPhase;
			buildActionMask = 2147483647;
			files = (
			);
			runOnlyForDeploymentPostprocessing = 0;
		};
/* End PBXResourcesBuildPhase section */

/* Begin PBXShellScriptBuildPhase section */
		0785B39865F1A19248E50EA9 /* [CP] Check Pods Manifest.lock */ = {
			isa = PBXShellScriptBuildPhase;
			buildActionMask = 2147483647;
			files = (
			);
			inputFileListPaths = (
			);
			inputPaths = (
				"${PODS_PODFILE_DIR_PATH}/Podfile.lock",
				"${PODS_ROOT}/Manifest.lock",
			);
			name = "[CP] Check Pods Manifest.lock";
			outputFileListPaths = (
			);
			outputPaths = (
				"$(DERIVED_FILE_DIR)/Pods-ParstagramTests-checkManifestLockResult.txt",
			);
			runOnlyForDeploymentPostprocessing = 0;
			shellPath = /bin/sh;
			shellScript = "diff \"${PODS_PODFILE_DIR_PATH}/Podfile.lock\" \"${PODS_ROOT}/Manifest.lock\" > /dev/null\nif [ $? != 0 ] ; then\n    # print error to STDERR\n    echo \"error: The sandbox is not in sync with the Podfile.lock. Run 'pod install' or update your CocoaPods installation.\" >&2\n    exit 1\nfi\n# This output is used by Xcode 'outputs' to avoid re-running this script phase.\necho \"SUCCESS\" > \"${SCRIPT_OUTPUT_FILE_0}\"\n";
			showEnvVarsInLog = 0;
		};
		1C3A6B45783F8484AE96F13E /* [CP] Check Pods Manifest.lock */ = {
			isa = PBXShellScriptBuildPhase;
			buildActionMask = 2147483647;
			files = (
			);
			inputFileListPaths = (
			);
			inputPaths = (
				"${PODS_PODFILE_DIR_PATH}/Podfile.lock",
				"${PODS_ROOT}/Manifest.lock",
			);
			name = "[CP] Check Pods Manifest.lock";
			outputFileListPaths = (
			);
			outputPaths = (
				"$(DERIVED_FILE_DIR)/Pods-Parstagram-ParstagramUITests-checkManifestLockResult.txt",
			);
			runOnlyForDeploymentPostprocessing = 0;
			shellPath = /bin/sh;
			shellScript = "diff \"${PODS_PODFILE_DIR_PATH}/Podfile.lock\" \"${PODS_ROOT}/Manifest.lock\" > /dev/null\nif [ $? != 0 ] ; then\n    # print error to STDERR\n    echo \"error: The sandbox is not in sync with the Podfile.lock. Run 'pod install' or update your CocoaPods installation.\" >&2\n    exit 1\nfi\n# This output is used by Xcode 'outputs' to avoid re-running this script phase.\necho \"SUCCESS\" > \"${SCRIPT_OUTPUT_FILE_0}\"\n";
			showEnvVarsInLog = 0;
		};
		23061A698A5A93D350CDBDA5 /* [CP] Embed Pods Frameworks */ = {
			isa = PBXShellScriptBuildPhase;
			buildActionMask = 2147483647;
			files = (
			);
			inputFileListPaths = (
				"${PODS_ROOT}/Target Support Files/Pods-Parstagram-ParstagramUITests/Pods-Parstagram-ParstagramUITests-frameworks-${CONFIGURATION}-input-files.xcfilelist",
			);
			name = "[CP] Embed Pods Frameworks";
			outputFileListPaths = (
				"${PODS_ROOT}/Target Support Files/Pods-Parstagram-ParstagramUITests/Pods-Parstagram-ParstagramUITests-frameworks-${CONFIGURATION}-output-files.xcfilelist",
			);
			runOnlyForDeploymentPostprocessing = 0;
			shellPath = /bin/sh;
			shellScript = "\"${PODS_ROOT}/Target Support Files/Pods-Parstagram-ParstagramUITests/Pods-Parstagram-ParstagramUITests-frameworks.sh\"\n";
			showEnvVarsInLog = 0;
		};
		B7E361D3400032F9ED62288B /* [CP] Embed Pods Frameworks */ = {
			isa = PBXShellScriptBuildPhase;
			buildActionMask = 2147483647;
			files = (
			);
			inputFileListPaths = (
				"${PODS_ROOT}/Target Support Files/Pods-Parstagram/Pods-Parstagram-frameworks-${CONFIGURATION}-input-files.xcfilelist",
			);
			name = "[CP] Embed Pods Frameworks";
			outputFileListPaths = (
				"${PODS_ROOT}/Target Support Files/Pods-Parstagram/Pods-Parstagram-frameworks-${CONFIGURATION}-output-files.xcfilelist",
			);
			runOnlyForDeploymentPostprocessing = 0;
			shellPath = /bin/sh;
			shellScript = "\"${PODS_ROOT}/Target Support Files/Pods-Parstagram/Pods-Parstagram-frameworks.sh\"\n";
			showEnvVarsInLog = 0;
		};
		C54F21FF2197C45F8BE4062C /* [CP] Check Pods Manifest.lock */ = {
			isa = PBXShellScriptBuildPhase;
			buildActionMask = 2147483647;
			files = (
			);
			inputFileListPaths = (
			);
			inputPaths = (
				"${PODS_PODFILE_DIR_PATH}/Podfile.lock",
				"${PODS_ROOT}/Manifest.lock",
			);
			name = "[CP] Check Pods Manifest.lock";
			outputFileListPaths = (
			);
			outputPaths = (
				"$(DERIVED_FILE_DIR)/Pods-Parstagram-checkManifestLockResult.txt",
			);
			runOnlyForDeploymentPostprocessing = 0;
			shellPath = /bin/sh;
			shellScript = "diff \"${PODS_PODFILE_DIR_PATH}/Podfile.lock\" \"${PODS_ROOT}/Manifest.lock\" > /dev/null\nif [ $? != 0 ] ; then\n    # print error to STDERR\n    echo \"error: The sandbox is not in sync with the Podfile.lock. Run 'pod install' or update your CocoaPods installation.\" >&2\n    exit 1\nfi\n# This output is used by Xcode 'outputs' to avoid re-running this script phase.\necho \"SUCCESS\" > \"${SCRIPT_OUTPUT_FILE_0}\"\n";
			showEnvVarsInLog = 0;
		};
/* End PBXShellScriptBuildPhase section */

/* Begin PBXSourcesBuildPhase section */
		65FF233227EE95C80095962D /* Sources */ = {
			isa = PBXSourcesBuildPhase;
			buildActionMask = 2147483647;
			files = (
				65FF237927EEBC500095962D /* PostCell.swift in Sources */,
				65FF237227EE9F540095962D /* LoginViewController.swift in Sources */,
				65FF233A27EE95C80095962D /* AppDelegate.swift in Sources */,
				65FF237427EE9F5E0095962D /* FeedViewController.swift in Sources */,
				65FF237027EE9D140095962D /* APIKeys.swift in Sources */,
				65FF233C27EE95C80095962D /* SceneDelegate.swift in Sources */,
				65FF237627EEA7820095962D /* CameraViewController.swift in Sources */,
			);
			runOnlyForDeploymentPostprocessing = 0;
		};
		65FF234827EE95CA0095962D /* Sources */ = {
			isa = PBXSourcesBuildPhase;
			buildActionMask = 2147483647;
			files = (
				65FF235127EE95CA0095962D /* ParstagramTests.swift in Sources */,
			);
			runOnlyForDeploymentPostprocessing = 0;
		};
		65FF235227EE95CA0095962D /* Sources */ = {
			isa = PBXSourcesBuildPhase;
			buildActionMask = 2147483647;
			files = (
				65FF235D27EE95CA0095962D /* ParstagramUITestsLaunchTests.swift in Sources */,
				65FF235B27EE95CA0095962D /* ParstagramUITests.swift in Sources */,
			);
			runOnlyForDeploymentPostprocessing = 0;
		};
/* End PBXSourcesBuildPhase section */

/* Begin PBXTargetDependency section */
		65FF234E27EE95CA0095962D /* PBXTargetDependency */ = {
			isa = PBXTargetDependency;
			target = 65FF233527EE95C80095962D /* Parstagram */;
			targetProxy = 65FF234D27EE95CA0095962D /* PBXContainerItemProxy */;
		};
		65FF235827EE95CA0095962D /* PBXTargetDependency */ = {
			isa = PBXTargetDependency;
			target = 65FF233527EE95C80095962D /* Parstagram */;
			targetProxy = 65FF235727EE95CA0095962D /* PBXContainerItemProxy */;
		};
/* End PBXTargetDependency section */

/* Begin PBXVariantGroup section */
		65FF233F27EE95C80095962D /* Main.storyboard */ = {
			isa = PBXVariantGroup;
			children = (
				65FF234027EE95C80095962D /* Base */,
			);
			name = Main.storyboard;
			sourceTree = "<group>";
		};
		65FF234427EE95C90095962D /* LaunchScreen.storyboard */ = {
			isa = PBXVariantGroup;
			children = (
				65FF234527EE95C90095962D /* Base */,
			);
			name = LaunchScreen.storyboard;
			sourceTree = "<group>";
		};
/* End PBXVariantGroup section */

/* Begin XCBuildConfiguration section */
		65FF235E27EE95CA0095962D /* Debug */ = {
			isa = XCBuildConfiguration;
			buildSettings = {
				ALWAYS_SEARCH_USER_PATHS = NO;
				CLANG_ANALYZER_NONNULL = YES;
				CLANG_ANALYZER_NUMBER_OBJECT_CONVERSION = YES_AGGRESSIVE;
				CLANG_CXX_LANGUAGE_STANDARD = "gnu++17";
				CLANG_CXX_LIBRARY = "libc++";
				CLANG_ENABLE_MODULES = YES;
				CLANG_ENABLE_OBJC_ARC = YES;
				CLANG_ENABLE_OBJC_WEAK = YES;
				CLANG_WARN_BLOCK_CAPTURE_AUTORELEASING = YES;
				CLANG_WARN_BOOL_CONVERSION = YES;
				CLANG_WARN_COMMA = YES;
				CLANG_WARN_CONSTANT_CONVERSION = YES;
				CLANG_WARN_DEPRECATED_OBJC_IMPLEMENTATIONS = YES;
				CLANG_WARN_DIRECT_OBJC_ISA_USAGE = YES_ERROR;
				CLANG_WARN_DOCUMENTATION_COMMENTS = YES;
				CLANG_WARN_EMPTY_BODY = YES;
				CLANG_WARN_ENUM_CONVERSION = YES;
				CLANG_WARN_INFINITE_RECURSION = YES;
				CLANG_WARN_INT_CONVERSION = YES;
				CLANG_WARN_NON_LITERAL_NULL_CONVERSION = YES;
				CLANG_WARN_OBJC_IMPLICIT_RETAIN_SELF = YES;
				CLANG_WARN_OBJC_LITERAL_CONVERSION = YES;
				CLANG_WARN_OBJC_ROOT_CLASS = YES_ERROR;
				CLANG_WARN_QUOTED_INCLUDE_IN_FRAMEWORK_HEADER = YES;
				CLANG_WARN_RANGE_LOOP_ANALYSIS = YES;
				CLANG_WARN_STRICT_PROTOTYPES = YES;
				CLANG_WARN_SUSPICIOUS_MOVE = YES;
				CLANG_WARN_UNGUARDED_AVAILABILITY = YES_AGGRESSIVE;
				CLANG_WARN_UNREACHABLE_CODE = YES;
				CLANG_WARN__DUPLICATE_METHOD_MATCH = YES;
				COPY_PHASE_STRIP = NO;
				DEBUG_INFORMATION_FORMAT = dwarf;
				ENABLE_STRICT_OBJC_MSGSEND = YES;
				ENABLE_TESTABILITY = YES;
				GCC_C_LANGUAGE_STANDARD = gnu11;
				GCC_DYNAMIC_NO_PIC = NO;
				GCC_NO_COMMON_BLOCKS = YES;
				GCC_OPTIMIZATION_LEVEL = 0;
				GCC_PREPROCESSOR_DEFINITIONS = (
					"DEBUG=1",
					"$(inherited)",
				);
				GCC_WARN_64_TO_32_BIT_CONVERSION = YES;
				GCC_WARN_ABOUT_RETURN_TYPE = YES_ERROR;
				GCC_WARN_UNDECLARED_SELECTOR = YES;
				GCC_WARN_UNINITIALIZED_AUTOS = YES_AGGRESSIVE;
				GCC_WARN_UNUSED_FUNCTION = YES;
				GCC_WARN_UNUSED_VARIABLE = YES;
				IPHONEOS_DEPLOYMENT_TARGET = 15.2;
				MTL_ENABLE_DEBUG_INFO = INCLUDE_SOURCE;
				MTL_FAST_MATH = YES;
				ONLY_ACTIVE_ARCH = YES;
				SDKROOT = iphoneos;
				SWIFT_ACTIVE_COMPILATION_CONDITIONS = DEBUG;
				SWIFT_OPTIMIZATION_LEVEL = "-Onone";
			};
			name = Debug;
		};
		65FF235F27EE95CA0095962D /* Release */ = {
			isa = XCBuildConfiguration;
			buildSettings = {
				ALWAYS_SEARCH_USER_PATHS = NO;
				CLANG_ANALYZER_NONNULL = YES;
				CLANG_ANALYZER_NUMBER_OBJECT_CONVERSION = YES_AGGRESSIVE;
				CLANG_CXX_LANGUAGE_STANDARD = "gnu++17";
				CLANG_CXX_LIBRARY = "libc++";
				CLANG_ENABLE_MODULES = YES;
				CLANG_ENABLE_OBJC_ARC = YES;
				CLANG_ENABLE_OBJC_WEAK = YES;
				CLANG_WARN_BLOCK_CAPTURE_AUTORELEASING = YES;
				CLANG_WARN_BOOL_CONVERSION = YES;
				CLANG_WARN_COMMA = YES;
				CLANG_WARN_CONSTANT_CONVERSION = YES;
				CLANG_WARN_DEPRECATED_OBJC_IMPLEMENTATIONS = YES;
				CLANG_WARN_DIRECT_OBJC_ISA_USAGE = YES_ERROR;
				CLANG_WARN_DOCUMENTATION_COMMENTS = YES;
				CLANG_WARN_EMPTY_BODY = YES;
				CLANG_WARN_ENUM_CONVERSION = YES;
				CLANG_WARN_INFINITE_RECURSION = YES;
				CLANG_WARN_INT_CONVERSION = YES;
				CLANG_WARN_NON_LITERAL_NULL_CONVERSION = YES;
				CLANG_WARN_OBJC_IMPLICIT_RETAIN_SELF = YES;
				CLANG_WARN_OBJC_LITERAL_CONVERSION = YES;
				CLANG_WARN_OBJC_ROOT_CLASS = YES_ERROR;
				CLANG_WARN_QUOTED_INCLUDE_IN_FRAMEWORK_HEADER = YES;
				CLANG_WARN_RANGE_LOOP_ANALYSIS = YES;
				CLANG_WARN_STRICT_PROTOTYPES = YES;
				CLANG_WARN_SUSPICIOUS_MOVE = YES;
				CLANG_WARN_UNGUARDED_AVAILABILITY = YES_AGGRESSIVE;
				CLANG_WARN_UNREACHABLE_CODE = YES;
				CLANG_WARN__DUPLICATE_METHOD_MATCH = YES;
				COPY_PHASE_STRIP = NO;
				DEBUG_INFORMATION_FORMAT = "dwarf-with-dsym";
				ENABLE_NS_ASSERTIONS = NO;
				ENABLE_STRICT_OBJC_MSGSEND = YES;
				GCC_C_LANGUAGE_STANDARD = gnu11;
				GCC_NO_COMMON_BLOCKS = YES;
				GCC_WARN_64_TO_32_BIT_CONVERSION = YES;
				GCC_WARN_ABOUT_RETURN_TYPE = YES_ERROR;
				GCC_WARN_UNDECLARED_SELECTOR = YES;
				GCC_WARN_UNINITIALIZED_AUTOS = YES_AGGRESSIVE;
				GCC_WARN_UNUSED_FUNCTION = YES;
				GCC_WARN_UNUSED_VARIABLE = YES;
				IPHONEOS_DEPLOYMENT_TARGET = 15.2;
				MTL_ENABLE_DEBUG_INFO = NO;
				MTL_FAST_MATH = YES;
				SDKROOT = iphoneos;
				SWIFT_COMPILATION_MODE = wholemodule;
				SWIFT_OPTIMIZATION_LEVEL = "-O";
				VALIDATE_PRODUCT = YES;
			};
			name = Release;
		};
		65FF236127EE95CA0095962D /* Debug */ = {
			isa = XCBuildConfiguration;
			baseConfigurationReference = 0E7F2BB7F29121903D3BAD4C /* Pods-Parstagram.debug.xcconfig */;
			buildSettings = {
				ASSETCATALOG_COMPILER_APPICON_NAME = AppIcon;
				ASSETCATALOG_COMPILER_GLOBAL_ACCENT_COLOR_NAME = AccentColor;
				CODE_SIGN_STYLE = Automatic;
				CURRENT_PROJECT_VERSION = 1;
				DEVELOPMENT_TEAM = B5CNWVD2N5;
				GENERATE_INFOPLIST_FILE = YES;
				INFOPLIST_FILE = Parstagram/Info.plist;
				INFOPLIST_KEY_UIApplicationSupportsIndirectInputEvents = YES;
				INFOPLIST_KEY_UILaunchStoryboardName = LaunchScreen;
				INFOPLIST_KEY_UIMainStoryboardFile = Main;
				INFOPLIST_KEY_UISupportedInterfaceOrientations_iPad = "UIInterfaceOrientationPortrait UIInterfaceOrientationPortraitUpsideDown UIInterfaceOrientationLandscapeLeft UIInterfaceOrientationLandscapeRight";
				INFOPLIST_KEY_UISupportedInterfaceOrientations_iPhone = "UIInterfaceOrientationPortrait UIInterfaceOrientationLandscapeLeft UIInterfaceOrientationLandscapeRight";
				LD_RUNPATH_SEARCH_PATHS = (
					"$(inherited)",
					"@executable_path/Frameworks",
				);
				MARKETING_VERSION = 1.0;
				PRODUCT_BUNDLE_IDENTIFIER = com.imdanieljiang.Parstagram;
				PRODUCT_NAME = "$(TARGET_NAME)";
				SWIFT_EMIT_LOC_STRINGS = YES;
				SWIFT_VERSION = 5.0;
				TARGETED_DEVICE_FAMILY = "1,2";
			};
			name = Debug;
		};
		65FF236227EE95CA0095962D /* Release */ = {
			isa = XCBuildConfiguration;
			baseConfigurationReference = 83A4F66A6E1F4EF1CDEE0807 /* Pods-Parstagram.release.xcconfig */;
			buildSettings = {
				ASSETCATALOG_COMPILER_APPICON_NAME = AppIcon;
				ASSETCATALOG_COMPILER_GLOBAL_ACCENT_COLOR_NAME = AccentColor;
				CODE_SIGN_STYLE = Automatic;
				CURRENT_PROJECT_VERSION = 1;
				DEVELOPMENT_TEAM = B5CNWVD2N5;
				GENERATE_INFOPLIST_FILE = YES;
				INFOPLIST_FILE = Parstagram/Info.plist;
				INFOPLIST_KEY_UIApplicationSupportsIndirectInputEvents = YES;
				INFOPLIST_KEY_UILaunchStoryboardName = LaunchScreen;
				INFOPLIST_KEY_UIMainStoryboardFile = Main;
				INFOPLIST_KEY_UISupportedInterfaceOrientations_iPad = "UIInterfaceOrientationPortrait UIInterfaceOrientationPortraitUpsideDown UIInterfaceOrientationLandscapeLeft UIInterfaceOrientationLandscapeRight";
				INFOPLIST_KEY_UISupportedInterfaceOrientations_iPhone = "UIInterfaceOrientationPortrait UIInterfaceOrientationLandscapeLeft UIInterfaceOrientationLandscapeRight";
				LD_RUNPATH_SEARCH_PATHS = (
					"$(inherited)",
					"@executable_path/Frameworks",
				);
				MARKETING_VERSION = 1.0;
				PRODUCT_BUNDLE_IDENTIFIER = com.imdanieljiang.Parstagram;
				PRODUCT_NAME = "$(TARGET_NAME)";
				SWIFT_EMIT_LOC_STRINGS = YES;
				SWIFT_VERSION = 5.0;
				TARGETED_DEVICE_FAMILY = "1,2";
			};
			name = Release;
		};
		65FF236427EE95CA0095962D /* Debug */ = {
			isa = XCBuildConfiguration;
			baseConfigurationReference = 864236095E29F4F3711F144B /* Pods-ParstagramTests.debug.xcconfig */;
			buildSettings = {
				ALWAYS_EMBED_SWIFT_STANDARD_LIBRARIES = YES;
				BUNDLE_LOADER = "$(TEST_HOST)";
				CODE_SIGN_STYLE = Automatic;
				CURRENT_PROJECT_VERSION = 1;
				DEVELOPMENT_TEAM = B5CNWVD2N5;
				GENERATE_INFOPLIST_FILE = YES;
				IPHONEOS_DEPLOYMENT_TARGET = 15.2;
				MARKETING_VERSION = 1.0;
				PRODUCT_BUNDLE_IDENTIFIER = com.imdanieljiang.ParstagramTests;
				PRODUCT_NAME = "$(TARGET_NAME)";
				SWIFT_EMIT_LOC_STRINGS = NO;
				SWIFT_VERSION = 5.0;
				TARGETED_DEVICE_FAMILY = "1,2";
				TEST_HOST = "$(BUILT_PRODUCTS_DIR)/Parstagram.app/Parstagram";
			};
			name = Debug;
		};
		65FF236527EE95CA0095962D /* Release */ = {
			isa = XCBuildConfiguration;
			baseConfigurationReference = 118755D19B407E229BB0E3FE /* Pods-ParstagramTests.release.xcconfig */;
			buildSettings = {
				ALWAYS_EMBED_SWIFT_STANDARD_LIBRARIES = YES;
				BUNDLE_LOADER = "$(TEST_HOST)";
				CODE_SIGN_STYLE = Automatic;
				CURRENT_PROJECT_VERSION = 1;
				DEVELOPMENT_TEAM = B5CNWVD2N5;
				GENERATE_INFOPLIST_FILE = YES;
				IPHONEOS_DEPLOYMENT_TARGET = 15.2;
				MARKETING_VERSION = 1.0;
				PRODUCT_BUNDLE_IDENTIFIER = com.imdanieljiang.ParstagramTests;
				PRODUCT_NAME = "$(TARGET_NAME)";
				SWIFT_EMIT_LOC_STRINGS = NO;
				SWIFT_VERSION = 5.0;
				TARGETED_DEVICE_FAMILY = "1,2";
				TEST_HOST = "$(BUILT_PRODUCTS_DIR)/Parstagram.app/Parstagram";
			};
			name = Release;
		};
		65FF236727EE95CA0095962D /* Debug */ = {
			isa = XCBuildConfiguration;
			baseConfigurationReference = AEFD3E64046FD5DA63790D0D /* Pods-Parstagram-ParstagramUITests.debug.xcconfig */;
			buildSettings = {
				ALWAYS_EMBED_SWIFT_STANDARD_LIBRARIES = YES;
				CODE_SIGN_STYLE = Automatic;
				CURRENT_PROJECT_VERSION = 1;
				DEVELOPMENT_TEAM = B5CNWVD2N5;
				GENERATE_INFOPLIST_FILE = YES;
				MARKETING_VERSION = 1.0;
				PRODUCT_BUNDLE_IDENTIFIER = com.imdanieljiang.ParstagramUITests;
				PRODUCT_NAME = "$(TARGET_NAME)";
				SWIFT_EMIT_LOC_STRINGS = NO;
				SWIFT_VERSION = 5.0;
				TARGETED_DEVICE_FAMILY = "1,2";
				TEST_TARGET_NAME = Parstagram;
			};
			name = Debug;
		};
		65FF236827EE95CA0095962D /* Release */ = {
			isa = XCBuildConfiguration;
			baseConfigurationReference = 8AA585D9EBD9E3462F9CAAE9 /* Pods-Parstagram-ParstagramUITests.release.xcconfig */;
			buildSettings = {
				ALWAYS_EMBED_SWIFT_STANDARD_LIBRARIES = YES;
				CODE_SIGN_STYLE = Automatic;
				CURRENT_PROJECT_VERSION = 1;
				DEVELOPMENT_TEAM = B5CNWVD2N5;
				GENERATE_INFOPLIST_FILE = YES;
				MARKETING_VERSION = 1.0;
				PRODUCT_BUNDLE_IDENTIFIER = com.imdanieljiang.ParstagramUITests;
				PRODUCT_NAME = "$(TARGET_NAME)";
				SWIFT_EMIT_LOC_STRINGS = NO;
				SWIFT_VERSION = 5.0;
				TARGETED_DEVICE_FAMILY = "1,2";
				TEST_TARGET_NAME = Parstagram;
			};
			name = Release;
		};
/* End XCBuildConfiguration section */

/* Begin XCConfigurationList section */
		65FF233127EE95C80095962D /* Build configuration list for PBXProject "Parstagram" */ = {
			isa = XCConfigurationList;
			buildConfigurations = (
				65FF235E27EE95CA0095962D /* Debug */,
				65FF235F27EE95CA0095962D /* Release */,
			);
			defaultConfigurationIsVisible = 0;
			defaultConfigurationName = Release;
		};
		65FF236027EE95CA0095962D /* Build configuration list for PBXNativeTarget "Parstagram" */ = {
			isa = XCConfigurationList;
			buildConfigurations = (
				65FF236127EE95CA0095962D /* Debug */,
				65FF236227EE95CA0095962D /* Release */,
			);
			defaultConfigurationIsVisible = 0;
			defaultConfigurationName = Release;
		};
		65FF236327EE95CA0095962D /* Build configuration list for PBXNativeTarget "ParstagramTests" */ = {
			isa = XCConfigurationList;
			buildConfigurations = (
				65FF236427EE95CA0095962D /* Debug */,
				65FF236527EE95CA0095962D /* Release */,
			);
			defaultConfigurationIsVisible = 0;
			defaultConfigurationName = Release;
		};
		65FF236627EE95CA0095962D /* Build configuration list for PBXNativeTarget "ParstagramUITests" */ = {
			isa = XCConfigurationList;
			buildConfigurations = (
				65FF236727EE95CA0095962D /* Debug */,
				65FF236827EE95CA0095962D /* Release */,
			);
			defaultConfigurationIsVisible = 0;
			defaultConfigurationName = Release;
		};
/* End XCConfigurationList section */
	};
	rootObject = 65FF232E27EE95C80095962D /* Project object */;
}
